
Microsoft Visual Studio Solution File, Format Version 12.00
# Visual Studio Version 17
VisualStudioVersion = 17.2.32616.157
MinimumVisualStudioVersion = 10.0.40219.1
Project("{FAE04EC0-301F-11D3-BF4B-00C04F79EFBC}") = "calculator", "calculator\calculator.csproj", "{6BDC0312-6E1C-419C-AB03-3935D65A592F}"
EndProject
Global
	GlobalSection(SolutionConfigurationPlatforms) = preSolution
		Debug|Any CPU = Debug|Any CPU
		Release|Any CPU = Release|Any CPU
	EndGlobalSection
	GlobalSection(ProjectConfigurationPlatforms) = postSolution
		{6BDC0312-6E1C-419C-AB03-3935D65A592F}.Debug|Any CPU.ActiveCfg = Debug|Any CPU
		{6BDC0312-6E1C-419C-AB03-3935D65A592F}.Debug|Any CPU.Build.0 = Debug|Any CPU
		{6BDC0312-6E1C-419C-AB03-3935D65A592F}.Release|Any CPU.ActiveCfg = Release|Any CPU
		{6BDC0312-6E1C-419C-AB03-3935D65A592F}.Release|Any CPU.Build.0 = Release|Any CPU
	EndGlobalSection
	GlobalSection(SolutionProperties) = preSolution
		HideSolutionNode = FALSE
	EndGlobalSection
	GlobalSection(ExtensibilityGlobals) = postSolution
		SolutionGuid = {DEA9B4CB-D77E-4B39-894A-5BA8E2F9E25D}
	EndGlobalSection
EndGlobal
